
Microsoft Visual Studio Solution File, Format Version 12.00
# Visual Studio Version 17
VisualStudioVersion = 17.12.35527.113
MinimumVisualStudioVersion = 10.0.40219.1
Project("{FAE04EC0-301F-11D3-BF4B-00C04F79EFBC}") = "Serie2", "Serie2\Serie2.csproj", "{C422C4D0-08B9-41AA-9C5C-5E3216A53DF7}"
EndProject
Project("{FAE04EC0-301F-11D3-BF4B-00C04F79EFBC}") = "Serie1", "Serie1\Serie1.csproj", "{BFD94810-9E7B-4F97-8B29-DC3F56AF64E4}"
EndProject
Global
	GlobalSection(SolutionConfigurationPlatforms) = preSolution
		Debug|Any CPU = Debug|Any CPU
		Release|Any CPU = Release|Any CPU
	EndGlobalSection
	GlobalSection(ProjectConfigurationPlatforms) = postSolution
		{C422C4D0-08B9-41AA-9C5C-5E3216A53DF7}.Debug|Any CPU.ActiveCfg = Debug|Any CPU
		{C422C4D0-08B9-41AA-9C5C-5E3216A53DF7}.Debug|Any CPU.Build.0 = Debug|Any CPU
		{C422C4D0-08B9-41AA-9C5C-5E3216A53DF7}.Release|Any CPU.ActiveCfg = Release|Any CPU
		{C422C4D0-08B9-41AA-9C5C-5E3216A53DF7}.Release|Any CPU.Build.0 = Release|Any CPU
		{BFD94810-9E7B-4F97-8B29-DC3F56AF64E4}.Debug|Any CPU.ActiveCfg = Debug|Any CPU
		{BFD94810-9E7B-4F97-8B29-DC3F56AF64E4}.Debug|Any CPU.Build.0 = Debug|Any CPU
		{BFD94810-9E7B-4F97-8B29-DC3F56AF64E4}.Release|Any CPU.ActiveCfg = Release|Any CPU
		{BFD94810-9E7B-4F97-8B29-DC3F56AF64E4}.Release|Any CPU.Build.0 = Release|Any CPU
	EndGlobalSection
	GlobalSection(SolutionProperties) = preSolution
		HideSolutionNode = FALSE
	EndGlobalSection
EndGlobal
